# This file is automatically @generated by Cargo.
# It is not intended for manual editing.
version = 4

[[package]]
name = "hintkit"
version = "0.0.0"

[[package]]
name = "hintkit-parser"
version = "0.0.0"

[[package]]
name = "hintkit-spec"
version = "0.0.0"

[[package]]
name = "hintkit-specs-bundled"
version = "0.0.0"
